{
  "root": "root",
  "nodes": {
    "root": {
      "inputs": {
        "nixpkgs": "nixpkgs_3",
        "nix-darwin": "nix-darwin",
        "home-manager": "home-manager"
      }
    },
    "nixpkgs": {
      "locked": {
        "rev": "5a09cb4b393d58f9ed0d9ca1555016a8543c2ac8",
        "repo": "nixpkgs",
        "type": "github",
        "owner": "NixOS",
        "narHash": "sha256-RyJTnTNKhO0yqRpDISk03I/4A67/dp96YRxc86YOPgU=",
        "lastModified": 1700794826
      },
      "original": {
        "ref": "nixos-unstable",
        "repo": "nixpkgs",
        "type": "github",
        "owner": "NixOS"
      }
    },
    "nixpkgs_2": {
      "locked": {
        "rev": "2c9ecd1f0400076a4d6b2193ad468ff0a7e7fdc5",
        "path": "/nix/store/22qgs3skscd9bmrxv9xv4q5d4wwm5ppx-source",
        "type": "path",
        "narHash": "sha256-TutzPriQcZ8FghDhEolnHcYU2oHIG5XWF+/SUBNnAOE=",
        "lastModified": 1687274257
      },
      "original": {
        "id": "nixpkgs",
        "type": "indirect"
      }
    },
    "nixpkgs_3": {
      "locked": {
        "rev": "45827faa2132b8eade424f6bdd48d8828754341a",
        "repo": "nixpkgs",
        "type": "github",
        "owner": "NixOS",
        "narHash": "sha256-vawYwoHA5CwvjfqaT3A5CT9V36Eq43gxdwpux32Qkjw=",
        "lastModified": 1701040486
      },
      "original": {
        "id": "nixpkgs",
        "ref": "nixpkgs-unstable",
        "type": "indirect"
      }
    },
    "nix-darwin": {
      "inputs": {
        "nixpkgs": "nixpkgs_2"
      },
      "locked": {
        "rev": "4b9b83d5a92e8c1fbfd8eb27eda375908c11ec4d",
        "repo": "nix-darwin",
        "type": "github",
        "owner": "LnL7",
        "narHash": "sha256-gzGLZSiOhf155FW7262kdHo2YDeugp3VuIFb4/GGng0=",
        "lastModified": 1700795494
      },
      "original": {
        "id": "nix-darwin",
        "type": "indirect"
      }
    },
    "home-manager": {
      "inputs": {
        "nixpkgs": "nixpkgs"
      },
      "locked": {
        "rev": "db1878f013b52ba5e4034db7c1b63e8d04173a86",
        "repo": "home-manager",
        "type": "github",
        "owner": "nix-community",
        "narHash": "sha256-lQywA7QU/vzTdZ1apI0PfgCWNyQobXUYghVrR5zuIeM=",
        "lastModified": 1701071203
      },
      "original": {
        "id": "home-manager",
        "type": "indirect"
      }
    }
  },
  "version": 7
}
